
Microsoft Visual Studio Solution File, Format Version 12.00
# Visual Studio 2013
VisualStudioVersion = 12.0.31101.0
MinimumVisualStudioVersion = 10.0.40219.1
Project("{FAE04EC0-301F-11D3-BF4B-00C04F79EFBC}") = "ParadoxIp", "ParadoxIp\ParadoxIp.csproj", "{C3C19BED-60F3-4635-88CA-B3FE1DFA60C0}"
EndProject
Project("{FAE04EC0-301F-11D3-BF4B-00C04F79EFBC}") = "ParadoxIpTest", "ParadoxIpTest\ParadoxIpTest.csproj", "{1624829C-933C-46CB-8835-1A1A2A9C8309}"
EndProject
Project("{FAE04EC0-301F-11D3-BF4B-00C04F79EFBC}") = "Paradox.WinService", "Paradox.WinService\Paradox.WinService.csproj", "{F74486FD-84A8-46C4-ADF8-7402CE06235F}"
EndProject
Project("{2150E333-8FDC-42A3-9474-1A3956D46DE8}") = "SmartThings", "SmartThings", "{FF3D87C7-E3DA-4C9B-8277-73405627A5A8}"
	ProjectSection(SolutionItems) = preProject
		SmartThings\ParadoxConnectApp.groovy = SmartThings\ParadoxConnectApp.groovy
		SmartThings\ParadoxMotionSensorDeviceType.groovy = SmartThings\ParadoxMotionSensorDeviceType.groovy
		SmartThings\ParadoxOpenCloseSensorDeviceType.groovy = SmartThings\ParadoxOpenCloseSensorDeviceType.groovy
		SmartThings\ParadoxSmokeDetectorDeviceType.groovy = SmartThings\ParadoxSmokeDetectorDeviceType.groovy
	EndProjectSection
EndProject
Project("{2150E333-8FDC-42A3-9474-1A3956D46DE8}") = ".nuget", ".nuget", "{C952F995-ACCD-4E15-8226-DBC0DD609E80}"
	ProjectSection(SolutionItems) = preProject
		.nuget\NuGet.Config = .nuget\NuGet.Config
		.nuget\NuGet.exe = .nuget\NuGet.exe
		.nuget\NuGet.targets = .nuget\NuGet.targets
	EndProjectSection
EndProject
Global
	GlobalSection(SolutionConfigurationPlatforms) = preSolution
		Debug|Any CPU = Debug|Any CPU
		Release|Any CPU = Release|Any CPU
	EndGlobalSection
	GlobalSection(ProjectConfigurationPlatforms) = postSolution
		{C3C19BED-60F3-4635-88CA-B3FE1DFA60C0}.Debug|Any CPU.ActiveCfg = Debug|Any CPU
		{C3C19BED-60F3-4635-88CA-B3FE1DFA60C0}.Debug|Any CPU.Build.0 = Debug|Any CPU
		{C3C19BED-60F3-4635-88CA-B3FE1DFA60C0}.Release|Any CPU.ActiveCfg = Release|Any CPU
		{C3C19BED-60F3-4635-88CA-B3FE1DFA60C0}.Release|Any CPU.Build.0 = Release|Any CPU
		{1624829C-933C-46CB-8835-1A1A2A9C8309}.Debug|Any CPU.ActiveCfg = Debug|Any CPU
		{1624829C-933C-46CB-8835-1A1A2A9C8309}.Debug|Any CPU.Build.0 = Debug|Any CPU
		{1624829C-933C-46CB-8835-1A1A2A9C8309}.Release|Any CPU.ActiveCfg = Release|Any CPU
		{1624829C-933C-46CB-8835-1A1A2A9C8309}.Release|Any CPU.Build.0 = Release|Any CPU
		{F74486FD-84A8-46C4-ADF8-7402CE06235F}.Debug|Any CPU.ActiveCfg = Debug|Any CPU
		{F74486FD-84A8-46C4-ADF8-7402CE06235F}.Debug|Any CPU.Build.0 = Debug|Any CPU
		{F74486FD-84A8-46C4-ADF8-7402CE06235F}.Release|Any CPU.ActiveCfg = Release|Any CPU
		{F74486FD-84A8-46C4-ADF8-7402CE06235F}.Release|Any CPU.Build.0 = Release|Any CPU
	EndGlobalSection
	GlobalSection(SolutionProperties) = preSolution
		HideSolutionNode = FALSE
	EndGlobalSection
EndGlobal
